{
    "name": "node-red-project",
    "version": "0.0.1",
    "lockfileVersion": 1,
    "requires": true,
    "dependencies": {
        "node-red-node-rbe": {
            "version": "0.2.6",
            "resolved": "https://registry.npmjs.org/node-red-node-rbe/-/node-red-node-rbe-0.2.6.tgz",
            "integrity": "sha512-3shW4Q6sHbqNQZPbfKx7HdcUuytgfJQGXwR4wdNH03q8JwAwPeuA0Z+FLOy/PcZeLDawIrV4IoqwbLsSfGAqmQ=="
        },
        "node-red-node-tail": {
            "version": "0.1.1",
            "resolved": "https://registry.npmjs.org/node-red-node-tail/-/node-red-node-tail-0.1.1.tgz",
            "integrity": "sha512-j1g/VtSCI2tBrBnCD+u8iSo9tH0nvn70k1O1SxkHk3+qx7tHUyOKQc7wNc4rUs9J1PkGngUC3qEDd5cL7Z/klg==",
            "requires": {
                "tail": "^2.0.3"
            }
        },
        "tail": {
            "version": "2.0.3",
            "resolved": "https://registry.npmjs.org/tail/-/tail-2.0.3.tgz",
            "integrity": "sha512-s9NOGkLqqiDEtBttQZI7acLS8ycYK5sTlDwNjGnpXG9c8AWj0cfAtwEIzo/hVRMMiC5EYz+bXaJWC1u1u0GPpQ=="
        }
    }
}
